// !$*UTF8*$!
{
	archiveVersion = 1;
	classes = {
	};
	objectVersion = 56;
	objects = {

/* Begin PBXBuildFile section */
		2B3891212AE05E5100E474F2 /* ItemsView.swift in Sources */ = {isa = PBXBuildFile; fileRef = 2B3891202AE05E5100E474F2 /* ItemsView.swift */; };
		2B3891242AE062C900E474F2 /* HousingView.swift in Sources */ = {isa = PBXBuildFile; fileRef = 2B3891232AE062C900E474F2 /* HousingView.swift */; };
		2B3891262AE062D900E474F2 /* SidejobsView.swift in Sources */ = {isa = PBXBuildFile; fileRef = 2B3891252AE062D900E474F2 /* SidejobsView.swift */; };
		2B3891282AE062E900E474F2 /* MiscView.swift in Sources */ = {isa = PBXBuildFile; fileRef = 2B3891272AE062E900E474F2 /* MiscView.swift */; };
		2B3AEF212AB9A277006D928B /* CampusCartApp.swift in Sources */ = {isa = PBXBuildFile; fileRef = 2B3AEF202AB9A277006D928B /* CampusCartApp.swift */; };
		2B3AEF232AB9A277006D928B /* ContentView.swift in Sources */ = {isa = PBXBuildFile; fileRef = 2B3AEF222AB9A277006D928B /* ContentView.swift */; };
		2B3AEF252AB9A279006D928B /* Assets.xcassets in Resources */ = {isa = PBXBuildFile; fileRef = 2B3AEF242AB9A279006D928B /* Assets.xcassets */; };
		2B3AEF282AB9A279006D928B /* Preview Assets.xcassets in Resources */ = {isa = PBXBuildFile; fileRef = 2B3AEF272AB9A279006D928B /* Preview Assets.xcassets */; };
		2B5C775E2AF23FF00046C1D3 /* StorageManager.swift in Sources */ = {isa = PBXBuildFile; fileRef = 2B5C775D2AF23FF00046C1D3 /* StorageManager.swift */; };
		2BD7C2AE2AC50B830042F09D /* LoginView.swift in Sources */ = {isa = PBXBuildFile; fileRef = 2BD7C2AD2AC50B830042F09D /* LoginView.swift */; };
		2BFA4A822ACD410A006E4D9F /* ProfileView.swift in Sources */ = {isa = PBXBuildFile; fileRef = 2BFA4A812ACD410A006E4D9F /* ProfileView.swift */; };
		2BFA4A842ACD420E006E4D9F /* PostView.swift in Sources */ = {isa = PBXBuildFile; fileRef = 2BFA4A832ACD420E006E4D9F /* PostView.swift */; };
		2BFA4A862ACD4219006E4D9F /* DMView.swift in Sources */ = {isa = PBXBuildFile; fileRef = 2BFA4A852ACD4219006E4D9F /* DMView.swift */; };
		2BFA4A882ACD429C006E4D9F /* HomeView.swift in Sources */ = {isa = PBXBuildFile; fileRef = 2BFA4A872ACD429C006E4D9F /* HomeView.swift */; };
		68214C982AEC3854007BE07B /* NoImageListing.swift in Sources */ = {isa = PBXBuildFile; fileRef = 68214C972AEC3854007BE07B /* NoImageListing.swift */; };
		68214C9A2AEC3B6E007BE07B /* ImageUploader.swift in Sources */ = {isa = PBXBuildFile; fileRef = 68214C992AEC3B6E007BE07B /* ImageUploader.swift */; };
		68214C9C2AEEEEEC007BE07B /* CircularProfileImageView.swift in Sources */ = {isa = PBXBuildFile; fileRef = 68214C9B2AEEEEEC007BE07B /* CircularProfileImageView.swift */; };
		68214C9F2AEEF542007BE07B /* Kingfisher in Frameworks */ = {isa = PBXBuildFile; productRef = 68214C9E2AEEF542007BE07B /* Kingfisher */; };
		68214CA22AEF9195007BE07B /* PhotoPickerViewModel.swift in Sources */ = {isa = PBXBuildFile; fileRef = 68214CA12AEF9195007BE07B /* PhotoPickerViewModel.swift */; };
		68352CFE2AD534F500BBA497 /* SettingsBoxView.swift in Sources */ = {isa = PBXBuildFile; fileRef = 68352CFD2AD534F500BBA497 /* SettingsBoxView.swift */; };
		687787122ACA3A4B00356E67 /* SignUpView.swift in Sources */ = {isa = PBXBuildFile; fileRef = 687787112ACA3A4B00356E67 /* SignUpView.swift */; };
		687787152ACB475900356E67 /* SignUpInputView.swift in Sources */ = {isa = PBXBuildFile; fileRef = 687787142ACB475900356E67 /* SignUpInputView.swift */; };
		687787172ACBA07E00356E67 /* MainView.swift in Sources */ = {isa = PBXBuildFile; fileRef = 687787162ACBA07E00356E67 /* MainView.swift */; };
		687787192ACBA83800356E67 /* AuthViewModel.swift in Sources */ = {isa = PBXBuildFile; fileRef = 687787182ACBA83800356E67 /* AuthViewModel.swift */; };
		6877871C2ACBD37800356E67 /* FirebaseAuth in Frameworks */ = {isa = PBXBuildFile; productRef = 6877871B2ACBD37800356E67 /* FirebaseAuth */; };
		6877871E2ACBD37800356E67 /* FirebaseFirestore in Frameworks */ = {isa = PBXBuildFile; productRef = 6877871D2ACBD37800356E67 /* FirebaseFirestore */; };
		687787202ACBD37800356E67 /* FirebaseFirestoreSwift in Frameworks */ = {isa = PBXBuildFile; productRef = 6877871F2ACBD37800356E67 /* FirebaseFirestoreSwift */; };
		687787222ACBD37800356E67 /* FirebaseStorage in Frameworks */ = {isa = PBXBuildFile; productRef = 687787212ACBD37800356E67 /* FirebaseStorage */; };
		687787242ACBD8C400356E67 /* User.swift in Sources */ = {isa = PBXBuildFile; fileRef = 687787232ACBD8C400356E67 /* User.swift */; };
		687787262ACBDB6300356E67 /* ImageListing.swift in Sources */ = {isa = PBXBuildFile; fileRef = 687787252ACBDB6300356E67 /* ImageListing.swift */; };
		68B3C7F32AD7B0C1005EAFA3 /* HomeViewButtonView.swift in Sources */ = {isa = PBXBuildFile; fileRef = 68B3C7F22AD7B0C1005EAFA3 /* HomeViewButtonView.swift */; };
		68BBB4312AE2F5F000F19F21 /* Photo.swift in Sources */ = {isa = PBXBuildFile; fileRef = 68BBB4302AE2F5F000F19F21 /* Photo.swift */; };
		68BD0C6C2AD3D39F00C90E6A /* SettingsRowView.swift in Sources */ = {isa = PBXBuildFile; fileRef = 68BD0C6B2AD3D39F00C90E6A /* SettingsRowView.swift */; };
		68DCED032AC4AF4D002322A4 /* GoogleService-Info.plist in Resources */ = {isa = PBXBuildFile; fileRef = 68DCED022AC4AF4D002322A4 /* GoogleService-Info.plist */; };
		68DCED092AC4B596002322A4 /* CampusCartDelegate.swift in Sources */ = {isa = PBXBuildFile; fileRef = 68DCED082AC4B596002322A4 /* CampusCartDelegate.swift */; };
/* End PBXBuildFile section */

/* Begin PBXFileReference section */
		2B3891202AE05E5100E474F2 /* ItemsView.swift */ = {isa = PBXFileReference; lastKnownFileType = sourcecode.swift; path = ItemsView.swift; sourceTree = "<group>"; };
		2B3891232AE062C900E474F2 /* HousingView.swift */ = {isa = PBXFileReference; lastKnownFileType = sourcecode.swift; path = HousingView.swift; sourceTree = "<group>"; };
		2B3891252AE062D900E474F2 /* SidejobsView.swift */ = {isa = PBXFileReference; lastKnownFileType = sourcecode.swift; path = SidejobsView.swift; sourceTree = "<group>"; };
		2B3891272AE062E900E474F2 /* MiscView.swift */ = {isa = PBXFileReference; lastKnownFileType = sourcecode.swift; path = MiscView.swift; sourceTree = "<group>"; };
		2B3AEF1D2AB9A277006D928B /* CampusCart.app */ = {isa = PBXFileReference; explicitFileType = wrapper.application; includeInIndex = 0; path = CampusCart.app; sourceTree = BUILT_PRODUCTS_DIR; };
		2B3AEF202AB9A277006D928B /* CampusCartApp.swift */ = {isa = PBXFileReference; lastKnownFileType = sourcecode.swift; path = CampusCartApp.swift; sourceTree = "<group>"; };
		2B3AEF222AB9A277006D928B /* ContentView.swift */ = {isa = PBXFileReference; lastKnownFileType = sourcecode.swift; path = ContentView.swift; sourceTree = "<group>"; };
		2B3AEF242AB9A279006D928B /* Assets.xcassets */ = {isa = PBXFileReference; lastKnownFileType = folder.assetcatalog; path = Assets.xcassets; sourceTree = "<group>"; };
		2B3AEF272AB9A279006D928B /* Preview Assets.xcassets */ = {isa = PBXFileReference; lastKnownFileType = folder.assetcatalog; path = "Preview Assets.xcassets"; sourceTree = "<group>"; };
		2B5C775D2AF23FF00046C1D3 /* StorageManager.swift */ = {isa = PBXFileReference; lastKnownFileType = sourcecode.swift; path = StorageManager.swift; sourceTree = "<group>"; };
		2BD7C2AD2AC50B830042F09D /* LoginView.swift */ = {isa = PBXFileReference; lastKnownFileType = sourcecode.swift; name = LoginView.swift; path = "../New Group/LoginView.swift"; sourceTree = "<group>"; };
		2BFA4A812ACD410A006E4D9F /* ProfileView.swift */ = {isa = PBXFileReference; lastKnownFileType = sourcecode.swift; path = ProfileView.swift; sourceTree = "<group>"; };
		2BFA4A832ACD420E006E4D9F /* PostView.swift */ = {isa = PBXFileReference; lastKnownFileType = sourcecode.swift; path = PostView.swift; sourceTree = "<group>"; };
		2BFA4A852ACD4219006E4D9F /* DMView.swift */ = {isa = PBXFileReference; lastKnownFileType = sourcecode.swift; path = DMView.swift; sourceTree = "<group>"; };
		2BFA4A872ACD429C006E4D9F /* HomeView.swift */ = {isa = PBXFileReference; lastKnownFileType = sourcecode.swift; path = HomeView.swift; sourceTree = "<group>"; };
		68214C972AEC3854007BE07B /* NoImageListing.swift */ = {isa = PBXFileReference; lastKnownFileType = sourcecode.swift; path = NoImageListing.swift; sourceTree = "<group>"; };
		68214C992AEC3B6E007BE07B /* ImageUploader.swift */ = {isa = PBXFileReference; lastKnownFileType = sourcecode.swift; path = ImageUploader.swift; sourceTree = "<group>"; };
		68214C9B2AEEEEEC007BE07B /* CircularProfileImageView.swift */ = {isa = PBXFileReference; lastKnownFileType = sourcecode.swift; path = CircularProfileImageView.swift; sourceTree = "<group>"; };
		68214CA12AEF9195007BE07B /* PhotoPickerViewModel.swift */ = {isa = PBXFileReference; lastKnownFileType = sourcecode.swift; path = PhotoPickerViewModel.swift; sourceTree = "<group>"; };
		68352CFD2AD534F500BBA497 /* SettingsBoxView.swift */ = {isa = PBXFileReference; lastKnownFileType = sourcecode.swift; path = SettingsBoxView.swift; sourceTree = "<group>"; };
		687787112ACA3A4B00356E67 /* SignUpView.swift */ = {isa = PBXFileReference; lastKnownFileType = sourcecode.swift; path = SignUpView.swift; sourceTree = "<group>"; };
		687787142ACB475900356E67 /* SignUpInputView.swift */ = {isa = PBXFileReference; lastKnownFileType = sourcecode.swift; path = SignUpInputView.swift; sourceTree = "<group>"; };
		687787162ACBA07E00356E67 /* MainView.swift */ = {isa = PBXFileReference; lastKnownFileType = sourcecode.swift; path = MainView.swift; sourceTree = "<group>"; };
		687787182ACBA83800356E67 /* AuthViewModel.swift */ = {isa = PBXFileReference; lastKnownFileType = sourcecode.swift; path = AuthViewModel.swift; sourceTree = "<group>"; };
		687787232ACBD8C400356E67 /* User.swift */ = {isa = PBXFileReference; lastKnownFileType = sourcecode.swift; path = User.swift; sourceTree = "<group>"; };
		687787252ACBDB6300356E67 /* ImageListing.swift */ = {isa = PBXFileReference; lastKnownFileType = sourcecode.swift; path = ImageListing.swift; sourceTree = "<group>"; };
		68B3C7F22AD7B0C1005EAFA3 /* HomeViewButtonView.swift */ = {isa = PBXFileReference; lastKnownFileType = sourcecode.swift; path = HomeViewButtonView.swift; sourceTree = "<group>"; };
		68BBB4302AE2F5F000F19F21 /* Photo.swift */ = {isa = PBXFileReference; lastKnownFileType = sourcecode.swift; path = Photo.swift; sourceTree = "<group>"; };
		68BD0C6B2AD3D39F00C90E6A /* SettingsRowView.swift */ = {isa = PBXFileReference; lastKnownFileType = sourcecode.swift; path = SettingsRowView.swift; sourceTree = "<group>"; };
		68DCED022AC4AF4D002322A4 /* GoogleService-Info.plist */ = {isa = PBXFileReference; fileEncoding = 4; lastKnownFileType = text.plist.xml; path = "GoogleService-Info.plist"; sourceTree = "<group>"; };
		68DCED082AC4B596002322A4 /* CampusCartDelegate.swift */ = {isa = PBXFileReference; lastKnownFileType = sourcecode.swift; path = CampusCartDelegate.swift; sourceTree = "<group>"; };
/* End PBXFileReference section */

/* Begin PBXFrameworksBuildPhase section */
		2B3AEF1A2AB9A277006D928B /* Frameworks */ = {
			isa = PBXFrameworksBuildPhase;
			buildActionMask = 2147483647;
			files = (
				6877871C2ACBD37800356E67 /* FirebaseAuth in Frameworks */,
				687787222ACBD37800356E67 /* FirebaseStorage in Frameworks */,
				6877871E2ACBD37800356E67 /* FirebaseFirestore in Frameworks */,
				687787202ACBD37800356E67 /* FirebaseFirestoreSwift in Frameworks */,
				68214C9F2AEEF542007BE07B /* Kingfisher in Frameworks */,
			);
			runOnlyForDeploymentPostprocessing = 0;
		};
/* End PBXFrameworksBuildPhase section */

/* Begin PBXGroup section */
		2B3891222AE0626800E474F2 /* CategoryViews */ = {
			isa = PBXGroup;
			children = (
				68BBB4342AE2FE1B00F19F21 /* ListingView */,
				2B3891202AE05E5100E474F2 /* ItemsView.swift */,
				2B3891232AE062C900E474F2 /* HousingView.swift */,
				2B3891252AE062D900E474F2 /* SidejobsView.swift */,
				2B3891272AE062E900E474F2 /* MiscView.swift */,
			);
			path = CategoryViews;
			sourceTree = "<group>";
		};
		2B3AEF142AB9A277006D928B = {
			isa = PBXGroup;
			children = (
				2B3AEF1F2AB9A277006D928B /* CampusCart */,
				2B3AEF1E2AB9A277006D928B /* Products */,
			);
			sourceTree = "<group>";
		};
		2B3AEF1E2AB9A277006D928B /* Products */ = {
			isa = PBXGroup;
			children = (
				2B3AEF1D2AB9A277006D928B /* CampusCart.app */,
			);
			name = Products;
			sourceTree = "<group>";
		};
		2B3AEF1F2AB9A277006D928B /* CampusCart */ = {
			isa = PBXGroup;
			children = (
<<<<<<< HEAD
				2B5C775C2AF23FCF0046C1D3 /* Storage */,
=======
				68BBB42F2AE2EFF200F19F21 /* Helpers */,
>>>>>>> 957e6a52b4a515e3f1c4cbdc64651534b5498b7e
				687787102ACA21E000356E67 /* View */,
				68DCED072AC4B574002322A4 /* Model */,
				2B3AEF202AB9A277006D928B /* CampusCartApp.swift */,
				68DCED082AC4B596002322A4 /* CampusCartDelegate.swift */,
				68DCED022AC4AF4D002322A4 /* GoogleService-Info.plist */,
				2B3AEF242AB9A279006D928B /* Assets.xcassets */,
				2B3AEF262AB9A279006D928B /* Preview Content */,
			);
			path = CampusCart;
			sourceTree = "<group>";
		};
		2B3AEF262AB9A279006D928B /* Preview Content */ = {
			isa = PBXGroup;
			children = (
				2B3AEF272AB9A279006D928B /* Preview Assets.xcassets */,
			);
			path = "Preview Content";
			sourceTree = "<group>";
		};
		2B5C775C2AF23FCF0046C1D3 /* Storage */ = {
			isa = PBXGroup;
			children = (
				2B5C775D2AF23FF00046C1D3 /* StorageManager.swift */,
			);
			path = Storage;
			sourceTree = "<group>";
		};
		687787102ACA21E000356E67 /* View */ = {
			isa = PBXGroup;
			children = (
				2B3891222AE0626800E474F2 /* CategoryViews */,
				2BD7C2AD2AC50B830042F09D /* LoginView.swift */,
				687787112ACA3A4B00356E67 /* SignUpView.swift */,
				687787162ACBA07E00356E67 /* MainView.swift */,
				2BFA4A872ACD429C006E4D9F /* HomeView.swift */,
				2BFA4A832ACD420E006E4D9F /* PostView.swift */,
				2BFA4A852ACD4219006E4D9F /* DMView.swift */,
				2BFA4A812ACD410A006E4D9F /* ProfileView.swift */,
				2B3AEF222AB9A277006D928B /* ContentView.swift */,
			);
			path = View;
			sourceTree = "<group>";
		};
		68BBB42F2AE2EFF200F19F21 /* Helpers */ = {
			isa = PBXGroup;
			children = (
				68BD0C6B2AD3D39F00C90E6A /* SettingsRowView.swift */,
				68352CFD2AD534F500BBA497 /* SettingsBoxView.swift */,
				687787142ACB475900356E67 /* SignUpInputView.swift */,
				68B3C7F22AD7B0C1005EAFA3 /* HomeViewButtonView.swift */,
				68214C992AEC3B6E007BE07B /* ImageUploader.swift */,
				68214C9B2AEEEEEC007BE07B /* CircularProfileImageView.swift */,
			);
			path = Helpers;
			sourceTree = "<group>";
		};
		68BBB4342AE2FE1B00F19F21 /* ListingView */ = {
			isa = PBXGroup;
			children = (
			);
			path = ListingView;
			sourceTree = "<group>";
		};
		68DCED072AC4B574002322A4 /* Model */ = {
			isa = PBXGroup;
			children = (
				687787182ACBA83800356E67 /* AuthViewModel.swift */,
				687787232ACBD8C400356E67 /* User.swift */,
				687787252ACBDB6300356E67 /* ImageListing.swift */,
				68BBB4302AE2F5F000F19F21 /* Photo.swift */,
				68214C972AEC3854007BE07B /* NoImageListing.swift */,
				68214CA12AEF9195007BE07B /* PhotoPickerViewModel.swift */,
			);
			path = Model;
			sourceTree = "<group>";
		};
/* End PBXGroup section */

/* Begin PBXNativeTarget section */
		2B3AEF1C2AB9A277006D928B /* CampusCart */ = {
			isa = PBXNativeTarget;
			buildConfigurationList = 2B3AEF2B2AB9A279006D928B /* Build configuration list for PBXNativeTarget "CampusCart" */;
			buildPhases = (
				2B3AEF192AB9A277006D928B /* Sources */,
				2B3AEF1A2AB9A277006D928B /* Frameworks */,
				2B3AEF1B2AB9A277006D928B /* Resources */,
			);
			buildRules = (
			);
			dependencies = (
			);
			name = CampusCart;
			packageProductDependencies = (
				6877871B2ACBD37800356E67 /* FirebaseAuth */,
				6877871D2ACBD37800356E67 /* FirebaseFirestore */,
				6877871F2ACBD37800356E67 /* FirebaseFirestoreSwift */,
				687787212ACBD37800356E67 /* FirebaseStorage */,
				68214C9E2AEEF542007BE07B /* Kingfisher */,
			);
			productName = CampusCart;
			productReference = 2B3AEF1D2AB9A277006D928B /* CampusCart.app */;
			productType = "com.apple.product-type.application";
		};
/* End PBXNativeTarget section */

/* Begin PBXProject section */
		2B3AEF152AB9A277006D928B /* Project object */ = {
			isa = PBXProject;
			attributes = {
				BuildIndependentTargetsInParallel = 1;
				LastSwiftUpdateCheck = 1430;
				LastUpgradeCheck = 1430;
				TargetAttributes = {
					2B3AEF1C2AB9A277006D928B = {
						CreatedOnToolsVersion = 14.3.1;
					};
				};
			};
			buildConfigurationList = 2B3AEF182AB9A277006D928B /* Build configuration list for PBXProject "CampusCart" */;
			compatibilityVersion = "Xcode 14.0";
			developmentRegion = en;
			hasScannedForEncodings = 0;
			knownRegions = (
				en,
				Base,
			);
			mainGroup = 2B3AEF142AB9A277006D928B;
			packageReferences = (
				6877871A2ACBD37800356E67 /* XCRemoteSwiftPackageReference "firebase-ios-sdk" */,
				68214C9D2AEEF541007BE07B /* XCRemoteSwiftPackageReference "Kingfisher" */,
			);
			productRefGroup = 2B3AEF1E2AB9A277006D928B /* Products */;
			projectDirPath = "";
			projectRoot = "";
			targets = (
				2B3AEF1C2AB9A277006D928B /* CampusCart */,
			);
		};
/* End PBXProject section */

/* Begin PBXResourcesBuildPhase section */
		2B3AEF1B2AB9A277006D928B /* Resources */ = {
			isa = PBXResourcesBuildPhase;
			buildActionMask = 2147483647;
			files = (
				2B3AEF282AB9A279006D928B /* Preview Assets.xcassets in Resources */,
				68DCED032AC4AF4D002322A4 /* GoogleService-Info.plist in Resources */,
				2B3AEF252AB9A279006D928B /* Assets.xcassets in Resources */,
			);
			runOnlyForDeploymentPostprocessing = 0;
		};
/* End PBXResourcesBuildPhase section */

/* Begin PBXSourcesBuildPhase section */
		2B3AEF192AB9A277006D928B /* Sources */ = {
			isa = PBXSourcesBuildPhase;
			buildActionMask = 2147483647;
			files = (
				68DCED092AC4B596002322A4 /* CampusCartDelegate.swift in Sources */,
				68214CA22AEF9195007BE07B /* PhotoPickerViewModel.swift in Sources */,
				2B3891212AE05E5100E474F2 /* ItemsView.swift in Sources */,
				68352CFE2AD534F500BBA497 /* SettingsBoxView.swift in Sources */,
				2BFA4A882ACD429C006E4D9F /* HomeView.swift in Sources */,
				68214C9C2AEEEEEC007BE07B /* CircularProfileImageView.swift in Sources */,
				68BD0C6C2AD3D39F00C90E6A /* SettingsRowView.swift in Sources */,
				68214C9A2AEC3B6E007BE07B /* ImageUploader.swift in Sources */,
				687787172ACBA07E00356E67 /* MainView.swift in Sources */,
				687787262ACBDB6300356E67 /* ImageListing.swift in Sources */,
				2BFA4A862ACD4219006E4D9F /* DMView.swift in Sources */,
				2B3AEF232AB9A277006D928B /* ContentView.swift in Sources */,
				2B3AEF212AB9A277006D928B /* CampusCartApp.swift in Sources */,
				2B3891282AE062E900E474F2 /* MiscView.swift in Sources */,
				68214C982AEC3854007BE07B /* NoImageListing.swift in Sources */,
				2B3891242AE062C900E474F2 /* HousingView.swift in Sources */,
				687787192ACBA83800356E67 /* AuthViewModel.swift in Sources */,
				2B5C775E2AF23FF00046C1D3 /* StorageManager.swift in Sources */,
				687787242ACBD8C400356E67 /* User.swift in Sources */,
				68B3C7F32AD7B0C1005EAFA3 /* HomeViewButtonView.swift in Sources */,
				687787152ACB475900356E67 /* SignUpInputView.swift in Sources */,
				2BD7C2AE2AC50B830042F09D /* LoginView.swift in Sources */,
				2BFA4A822ACD410A006E4D9F /* ProfileView.swift in Sources */,
				68BBB4312AE2F5F000F19F21 /* Photo.swift in Sources */,
				2BFA4A842ACD420E006E4D9F /* PostView.swift in Sources */,
				687787122ACA3A4B00356E67 /* SignUpView.swift in Sources */,
				2B3891262AE062D900E474F2 /* SidejobsView.swift in Sources */,
			);
			runOnlyForDeploymentPostprocessing = 0;
		};
/* End PBXSourcesBuildPhase section */

/* Begin XCBuildConfiguration section */
		2B3AEF292AB9A279006D928B /* Debug */ = {
			isa = XCBuildConfiguration;
			buildSettings = {
				ALWAYS_SEARCH_USER_PATHS = NO;
				CLANG_ANALYZER_NONNULL = YES;
				CLANG_ANALYZER_NUMBER_OBJECT_CONVERSION = YES_AGGRESSIVE;
				CLANG_CXX_LANGUAGE_STANDARD = "gnu++20";
				CLANG_ENABLE_MODULES = YES;
				CLANG_ENABLE_OBJC_ARC = YES;
				CLANG_ENABLE_OBJC_WEAK = YES;
				CLANG_WARN_BLOCK_CAPTURE_AUTORELEASING = YES;
				CLANG_WARN_BOOL_CONVERSION = YES;
				CLANG_WARN_COMMA = YES;
				CLANG_WARN_CONSTANT_CONVERSION = YES;
				CLANG_WARN_DEPRECATED_OBJC_IMPLEMENTATIONS = YES;
				CLANG_WARN_DIRECT_OBJC_ISA_USAGE = YES_ERROR;
				CLANG_WARN_DOCUMENTATION_COMMENTS = YES;
				CLANG_WARN_EMPTY_BODY = YES;
				CLANG_WARN_ENUM_CONVERSION = YES;
				CLANG_WARN_INFINITE_RECURSION = YES;
				CLANG_WARN_INT_CONVERSION = YES;
				CLANG_WARN_NON_LITERAL_NULL_CONVERSION = YES;
				CLANG_WARN_OBJC_IMPLICIT_RETAIN_SELF = YES;
				CLANG_WARN_OBJC_LITERAL_CONVERSION = YES;
				CLANG_WARN_OBJC_ROOT_CLASS = YES_ERROR;
				CLANG_WARN_QUOTED_INCLUDE_IN_FRAMEWORK_HEADER = YES;
				CLANG_WARN_RANGE_LOOP_ANALYSIS = YES;
				CLANG_WARN_STRICT_PROTOTYPES = YES;
				CLANG_WARN_SUSPICIOUS_MOVE = YES;
				CLANG_WARN_UNGUARDED_AVAILABILITY = YES_AGGRESSIVE;
				CLANG_WARN_UNREACHABLE_CODE = YES;
				CLANG_WARN__DUPLICATE_METHOD_MATCH = YES;
				COPY_PHASE_STRIP = NO;
				DEBUG_INFORMATION_FORMAT = dwarf;
				ENABLE_STRICT_OBJC_MSGSEND = YES;
				ENABLE_TESTABILITY = YES;
				GCC_C_LANGUAGE_STANDARD = gnu11;
				GCC_DYNAMIC_NO_PIC = NO;
				GCC_NO_COMMON_BLOCKS = YES;
				GCC_OPTIMIZATION_LEVEL = 0;
				GCC_PREPROCESSOR_DEFINITIONS = (
					"DEBUG=1",
					"$(inherited)",
				);
				GCC_WARN_64_TO_32_BIT_CONVERSION = YES;
				GCC_WARN_ABOUT_RETURN_TYPE = YES_ERROR;
				GCC_WARN_UNDECLARED_SELECTOR = YES;
				GCC_WARN_UNINITIALIZED_AUTOS = YES_AGGRESSIVE;
				GCC_WARN_UNUSED_FUNCTION = YES;
				GCC_WARN_UNUSED_VARIABLE = YES;
				IPHONEOS_DEPLOYMENT_TARGET = 16.4;
				MTL_ENABLE_DEBUG_INFO = INCLUDE_SOURCE;
				MTL_FAST_MATH = YES;
				ONLY_ACTIVE_ARCH = YES;
				SDKROOT = iphoneos;
				SWIFT_ACTIVE_COMPILATION_CONDITIONS = DEBUG;
				SWIFT_OPTIMIZATION_LEVEL = "-Onone";
			};
			name = Debug;
		};
		2B3AEF2A2AB9A279006D928B /* Release */ = {
			isa = XCBuildConfiguration;
			buildSettings = {
				ALWAYS_SEARCH_USER_PATHS = NO;
				CLANG_ANALYZER_NONNULL = YES;
				CLANG_ANALYZER_NUMBER_OBJECT_CONVERSION = YES_AGGRESSIVE;
				CLANG_CXX_LANGUAGE_STANDARD = "gnu++20";
				CLANG_ENABLE_MODULES = YES;
				CLANG_ENABLE_OBJC_ARC = YES;
				CLANG_ENABLE_OBJC_WEAK = YES;
				CLANG_WARN_BLOCK_CAPTURE_AUTORELEASING = YES;
				CLANG_WARN_BOOL_CONVERSION = YES;
				CLANG_WARN_COMMA = YES;
				CLANG_WARN_CONSTANT_CONVERSION = YES;
				CLANG_WARN_DEPRECATED_OBJC_IMPLEMENTATIONS = YES;
				CLANG_WARN_DIRECT_OBJC_ISA_USAGE = YES_ERROR;
				CLANG_WARN_DOCUMENTATION_COMMENTS = YES;
				CLANG_WARN_EMPTY_BODY = YES;
				CLANG_WARN_ENUM_CONVERSION = YES;
				CLANG_WARN_INFINITE_RECURSION = YES;
				CLANG_WARN_INT_CONVERSION = YES;
				CLANG_WARN_NON_LITERAL_NULL_CONVERSION = YES;
				CLANG_WARN_OBJC_IMPLICIT_RETAIN_SELF = YES;
				CLANG_WARN_OBJC_LITERAL_CONVERSION = YES;
				CLANG_WARN_OBJC_ROOT_CLASS = YES_ERROR;
				CLANG_WARN_QUOTED_INCLUDE_IN_FRAMEWORK_HEADER = YES;
				CLANG_WARN_RANGE_LOOP_ANALYSIS = YES;
				CLANG_WARN_STRICT_PROTOTYPES = YES;
				CLANG_WARN_SUSPICIOUS_MOVE = YES;
				CLANG_WARN_UNGUARDED_AVAILABILITY = YES_AGGRESSIVE;
				CLANG_WARN_UNREACHABLE_CODE = YES;
				CLANG_WARN__DUPLICATE_METHOD_MATCH = YES;
				COPY_PHASE_STRIP = NO;
				DEBUG_INFORMATION_FORMAT = "dwarf-with-dsym";
				ENABLE_NS_ASSERTIONS = NO;
				ENABLE_STRICT_OBJC_MSGSEND = YES;
				GCC_C_LANGUAGE_STANDARD = gnu11;
				GCC_NO_COMMON_BLOCKS = YES;
				GCC_WARN_64_TO_32_BIT_CONVERSION = YES;
				GCC_WARN_ABOUT_RETURN_TYPE = YES_ERROR;
				GCC_WARN_UNDECLARED_SELECTOR = YES;
				GCC_WARN_UNINITIALIZED_AUTOS = YES_AGGRESSIVE;
				GCC_WARN_UNUSED_FUNCTION = YES;
				GCC_WARN_UNUSED_VARIABLE = YES;
				IPHONEOS_DEPLOYMENT_TARGET = 16.4;
				MTL_ENABLE_DEBUG_INFO = NO;
				MTL_FAST_MATH = YES;
				SDKROOT = iphoneos;
				SWIFT_COMPILATION_MODE = wholemodule;
				SWIFT_OPTIMIZATION_LEVEL = "-O";
				VALIDATE_PRODUCT = YES;
			};
			name = Release;
		};
		2B3AEF2C2AB9A279006D928B /* Debug */ = {
			isa = XCBuildConfiguration;
			buildSettings = {
				ASSETCATALOG_COMPILER_APPICON_NAME = AppIcon;
				ASSETCATALOG_COMPILER_GLOBAL_ACCENT_COLOR_NAME = AccentColor;
				CODE_SIGN_STYLE = Automatic;
				CURRENT_PROJECT_VERSION = 1;
				DEVELOPMENT_ASSET_PATHS = "\"CampusCart/Preview Content\"";
				DEVELOPMENT_TEAM = "";
				ENABLE_PREVIEWS = YES;
				GENERATE_INFOPLIST_FILE = YES;
				INFOPLIST_KEY_UIApplicationSceneManifest_Generation = YES;
				INFOPLIST_KEY_UIApplicationSupportsIndirectInputEvents = YES;
				INFOPLIST_KEY_UILaunchScreen_Generation = YES;
				INFOPLIST_KEY_UISupportedInterfaceOrientations_iPad = "UIInterfaceOrientationPortrait UIInterfaceOrientationPortraitUpsideDown UIInterfaceOrientationLandscapeLeft UIInterfaceOrientationLandscapeRight";
				INFOPLIST_KEY_UISupportedInterfaceOrientations_iPhone = "UIInterfaceOrientationPortrait UIInterfaceOrientationLandscapeLeft UIInterfaceOrientationLandscapeRight";
				LD_RUNPATH_SEARCH_PATHS = (
					"$(inherited)",
					"@executable_path/Frameworks",
				);
				MARKETING_VERSION = 1.0;
				PRODUCT_BUNDLE_IDENTIFIER = edu.lmu.campuscart;
				PRODUCT_NAME = "$(TARGET_NAME)";
				SWIFT_EMIT_LOC_STRINGS = YES;
				SWIFT_VERSION = 5.0;
				TARGETED_DEVICE_FAMILY = "1,2";
			};
			name = Debug;
		};
		2B3AEF2D2AB9A279006D928B /* Release */ = {
			isa = XCBuildConfiguration;
			buildSettings = {
				ASSETCATALOG_COMPILER_APPICON_NAME = AppIcon;
				ASSETCATALOG_COMPILER_GLOBAL_ACCENT_COLOR_NAME = AccentColor;
				CODE_SIGN_STYLE = Automatic;
				CURRENT_PROJECT_VERSION = 1;
				DEVELOPMENT_ASSET_PATHS = "\"CampusCart/Preview Content\"";
				DEVELOPMENT_TEAM = "";
				ENABLE_PREVIEWS = YES;
				GENERATE_INFOPLIST_FILE = YES;
				INFOPLIST_KEY_UIApplicationSceneManifest_Generation = YES;
				INFOPLIST_KEY_UIApplicationSupportsIndirectInputEvents = YES;
				INFOPLIST_KEY_UILaunchScreen_Generation = YES;
				INFOPLIST_KEY_UISupportedInterfaceOrientations_iPad = "UIInterfaceOrientationPortrait UIInterfaceOrientationPortraitUpsideDown UIInterfaceOrientationLandscapeLeft UIInterfaceOrientationLandscapeRight";
				INFOPLIST_KEY_UISupportedInterfaceOrientations_iPhone = "UIInterfaceOrientationPortrait UIInterfaceOrientationLandscapeLeft UIInterfaceOrientationLandscapeRight";
				LD_RUNPATH_SEARCH_PATHS = (
					"$(inherited)",
					"@executable_path/Frameworks",
				);
				MARKETING_VERSION = 1.0;
				PRODUCT_BUNDLE_IDENTIFIER = edu.lmu.campuscart;
				PRODUCT_NAME = "$(TARGET_NAME)";
				SWIFT_EMIT_LOC_STRINGS = YES;
				SWIFT_VERSION = 5.0;
				TARGETED_DEVICE_FAMILY = "1,2";
			};
			name = Release;
		};
/* End XCBuildConfiguration section */

/* Begin XCConfigurationList section */
		2B3AEF182AB9A277006D928B /* Build configuration list for PBXProject "CampusCart" */ = {
			isa = XCConfigurationList;
			buildConfigurations = (
				2B3AEF292AB9A279006D928B /* Debug */,
				2B3AEF2A2AB9A279006D928B /* Release */,
			);
			defaultConfigurationIsVisible = 0;
			defaultConfigurationName = Release;
		};
		2B3AEF2B2AB9A279006D928B /* Build configuration list for PBXNativeTarget "CampusCart" */ = {
			isa = XCConfigurationList;
			buildConfigurations = (
				2B3AEF2C2AB9A279006D928B /* Debug */,
				2B3AEF2D2AB9A279006D928B /* Release */,
			);
			defaultConfigurationIsVisible = 0;
			defaultConfigurationName = Release;
		};
/* End XCConfigurationList section */

/* Begin XCRemoteSwiftPackageReference section */
		68214C9D2AEEF541007BE07B /* XCRemoteSwiftPackageReference "Kingfisher" */ = {
			isa = XCRemoteSwiftPackageReference;
			repositoryURL = "https://github.com/onevcat/Kingfisher.git";
			requirement = {
				kind = upToNextMajorVersion;
				minimumVersion = 7.0.0;
			};
		};
		6877871A2ACBD37800356E67 /* XCRemoteSwiftPackageReference "firebase-ios-sdk" */ = {
			isa = XCRemoteSwiftPackageReference;
			repositoryURL = "https://github.com/firebase/firebase-ios-sdk";
			requirement = {
				kind = upToNextMajorVersion;
				minimumVersion = 10.0.0;
			};
		};
/* End XCRemoteSwiftPackageReference section */

/* Begin XCSwiftPackageProductDependency section */
		68214C9E2AEEF542007BE07B /* Kingfisher */ = {
			isa = XCSwiftPackageProductDependency;
			package = 68214C9D2AEEF541007BE07B /* XCRemoteSwiftPackageReference "Kingfisher" */;
			productName = Kingfisher;
		};
		6877871B2ACBD37800356E67 /* FirebaseAuth */ = {
			isa = XCSwiftPackageProductDependency;
			package = 6877871A2ACBD37800356E67 /* XCRemoteSwiftPackageReference "firebase-ios-sdk" */;
			productName = FirebaseAuth;
		};
		6877871D2ACBD37800356E67 /* FirebaseFirestore */ = {
			isa = XCSwiftPackageProductDependency;
			package = 6877871A2ACBD37800356E67 /* XCRemoteSwiftPackageReference "firebase-ios-sdk" */;
			productName = FirebaseFirestore;
		};
		6877871F2ACBD37800356E67 /* FirebaseFirestoreSwift */ = {
			isa = XCSwiftPackageProductDependency;
			package = 6877871A2ACBD37800356E67 /* XCRemoteSwiftPackageReference "firebase-ios-sdk" */;
			productName = FirebaseFirestoreSwift;
		};
		687787212ACBD37800356E67 /* FirebaseStorage */ = {
			isa = XCSwiftPackageProductDependency;
			package = 6877871A2ACBD37800356E67 /* XCRemoteSwiftPackageReference "firebase-ios-sdk" */;
			productName = FirebaseStorage;
		};
/* End XCSwiftPackageProductDependency section */
	};
	rootObject = 2B3AEF152AB9A277006D928B /* Project object */;
}
